
Microsoft Visual Studio Solution File, Format Version 12.00
# Visual Studio Version 17
VisualStudioVersion = 17.11.35327.3
MinimumVisualStudioVersion = 10.0.40219.1
Project("{FAE04EC0-301F-11D3-BF4B-00C04F79EFBC}") = "BoltAPI", "BoltAPI\BoltAPI.csproj", "{CA1257FA-7FDF-4269-A056-D535CF137C54}"
EndProject
Global
	GlobalSection(SolutionConfigurationPlatforms) = preSolution
		Debug|Any CPU = Debug|Any CPU
		Release|Any CPU = Release|Any CPU
	EndGlobalSection
	GlobalSection(ProjectConfigurationPlatforms) = postSolution
		{CA1257FA-7FDF-4269-A056-D535CF137C54}.Debug|Any CPU.ActiveCfg = Debug|Any CPU
		{CA1257FA-7FDF-4269-A056-D535CF137C54}.Debug|Any CPU.Build.0 = Debug|Any CPU
		{CA1257FA-7FDF-4269-A056-D535CF137C54}.Release|Any CPU.ActiveCfg = Release|Any CPU
		{CA1257FA-7FDF-4269-A056-D535CF137C54}.Release|Any CPU.Build.0 = Release|Any CPU
	EndGlobalSection
	GlobalSection(SolutionProperties) = preSolution
		HideSolutionNode = FALSE
	EndGlobalSection
	GlobalSection(ExtensibilityGlobals) = postSolution
		SolutionGuid = {49FF3072-AC96-44FA-889D-4E75056E7B50}
	EndGlobalSection
EndGlobal
