
Microsoft Visual Studio Solution File, Format Version 12.00
# Visual Studio Version 17
VisualStudioVersion = 17.11.35327.3
MinimumVisualStudioVersion = 10.0.40219.1
Project("{FAE04EC0-301F-11D3-BF4B-00C04F79EFBC}") = "BoltApi", "BoltApi\BoltApi.csproj", "{1C259082-D7EC-457B-9B42-301DD923DEFE}"
EndProject
Global
	GlobalSection(SolutionConfigurationPlatforms) = preSolution
		Debug|Any CPU = Debug|Any CPU
		Release|Any CPU = Release|Any CPU
	EndGlobalSection
	GlobalSection(ProjectConfigurationPlatforms) = postSolution
		{1C259082-D7EC-457B-9B42-301DD923DEFE}.Debug|Any CPU.ActiveCfg = Debug|Any CPU
		{1C259082-D7EC-457B-9B42-301DD923DEFE}.Debug|Any CPU.Build.0 = Debug|Any CPU
		{1C259082-D7EC-457B-9B42-301DD923DEFE}.Release|Any CPU.ActiveCfg = Release|Any CPU
		{1C259082-D7EC-457B-9B42-301DD923DEFE}.Release|Any CPU.Build.0 = Release|Any CPU
	EndGlobalSection
	GlobalSection(SolutionProperties) = preSolution
		HideSolutionNode = FALSE
	EndGlobalSection
	GlobalSection(ExtensibilityGlobals) = postSolution
		SolutionGuid = {D365463D-9C01-485E-924F-5DFED87F1034}
	EndGlobalSection
EndGlobal
